
Microsoft Visual Studio Solution File, Format Version 12.00
# Visual Studio Version 17
VisualStudioVersion = 17.6.33723.286
MinimumVisualStudioVersion = 10.0.40219.1
Project("{FAE04EC0-301F-11D3-BF4B-00C04F79EFBC}") = "CrudSaini", "CrudSaini\CrudSaini.csproj", "{32DC5A11-567E-4D32-8453-7A6671C31213}"
EndProject
Global
	GlobalSection(SolutionConfigurationPlatforms) = preSolution
		Debug|Any CPU = Debug|Any CPU
		Release|Any CPU = Release|Any CPU
	EndGlobalSection
	GlobalSection(ProjectConfigurationPlatforms) = postSolution
		{32DC5A11-567E-4D32-8453-7A6671C31213}.Debug|Any CPU.ActiveCfg = Debug|Any CPU
		{32DC5A11-567E-4D32-8453-7A6671C31213}.Debug|Any CPU.Build.0 = Debug|Any CPU
		{32DC5A11-567E-4D32-8453-7A6671C31213}.Release|Any CPU.ActiveCfg = Release|Any CPU
		{32DC5A11-567E-4D32-8453-7A6671C31213}.Release|Any CPU.Build.0 = Release|Any CPU
	EndGlobalSection
	GlobalSection(SolutionProperties) = preSolution
		HideSolutionNode = FALSE
	EndGlobalSection
	GlobalSection(ExtensibilityGlobals) = postSolution
		SolutionGuid = {62238634-1FA2-41F3-8C23-4EA71ED54681}
	EndGlobalSection
EndGlobal
